<?xml version="1.0" encoding="UTF-8" standalone="yes" ?>
<CodeBlocks_project_file>
	<FileVersion major="1" minor="6" />
	<Project>
		<Option title="yadfs" />
		<Option pch_mode="2" />
		<Option compiler="gcc" />
		<Build>
			<Target title="Debug">
				<Option output="bin/Debug/yadfs" prefix_auto="1" extension_auto="1" />
				<Option object_output="obj/Debug/" />
				<Option type="1" />
				<Option compiler="gcc" />
				<Compiler>
					<Add option="-g" />
					<Add option="-std=c++11" />
					<Add option="-Iinclude" />
					<Add option="-Iinclude/ipc" />
					<Add option="-Iinclude/core" />
					<Add option="-Iinclude/fs" />
					<Add option="-Iinclude/io" />
					<Add option="-Iinclude/lib" />
					<Add option="-Iinclude/namenode" />
					<Add option="-Iinclude/protocol" />
					<Add option="-Iinclude/test" />
					<Add option="-Iinclude/utils" />
					<Add option="-Iinclude/datanode" />
				</Compiler>
				<Linker>
					<Add option="-lpthread" />
					<Add option="-llog4cpp" />
					<Add option="-lboost_system" />
					<Add option="-lboost_thread" />
				</Linker>
			</Target>
			<Target title="Release">
				<Option output="bin/Release/yadfs" prefix_auto="1" extension_auto="1" />
				<Option object_output="obj/Release/" />
				<Option type="1" />
				<Option compiler="gcc" />
				<Compiler>
					<Add option="-O2" />
				</Compiler>
				<Linker>
					<Add option="-s" />
				</Linker>
			</Target>
		</Build>
		<Compiler>
			<Add option="-Wall" />
			<Add option="-fexceptions" />
		</Compiler>
		<Unit filename="include/core/Permission.h" />
		<Unit filename="include/datanode/DataNode.h" />
		<Unit filename="include/fs/DFSClient.h" />
		<Unit filename="include/io/IntWritable.h" />
		<Unit filename="include/io/MethodWritable.h" />
		<Unit filename="include/io/StringWritable.h" />
		<Unit filename="include/io/Writable.h" />
		<Unit filename="include/ipc/Call.h" />
		<Unit filename="include/ipc/Client.h" />
		<Unit filename="include/ipc/Connection.h" />
		<Unit filename="include/ipc/Handler.h" />
		<Unit filename="include/ipc/Invocation.h" />
		<Unit filename="include/ipc/Listener.h" />
		<Unit filename="include/ipc/Method.h" />
		<Unit filename="include/ipc/RPC.h" />
		<Unit filename="include/ipc/Responder.h" />
		<Unit filename="include/ipc/Server.h" />
		<Unit filename="include/lib/tinyxml2.h" />
		<Unit filename="include/namenode/Block.h" />
		<Unit filename="include/namenode/FSImage.h" />
		<Unit filename="include/namenode/INode.h" />
		<Unit filename="include/namenode/INodeDirectory.h" />
		<Unit filename="include/namenode/INodeFile.h" />
		<Unit filename="include/namenode/INodeFileUnderConstruction.h" />
		<Unit filename="include/namenode/NameNode.h" />
		<Unit filename="include/protocol/ClientProtocol.h" />
		<Unit filename="include/protocol/DataNodeProtocol.h" />
		<Unit filename="include/test/Test1.h" />
		<Unit filename="include/test/Test2.h" />
		<Unit filename="include/utils/BlockQueue.h" />
		<Unit filename="include/utils/Config.h" />
		<Unit filename="include/utils/Log.h" />
		<Unit filename="include/utils/Utils.h" />
		<Unit filename="main.cpp" />
		<Unit filename="src/core/Permission.cpp" />
		<Unit filename="src/datanode/DataNode.cpp" />
		<Unit filename="src/fs/DFSClient.cpp" />
		<Unit filename="src/io/IntWritable.cpp" />
		<Unit filename="src/io/MethodWritable.cpp" />
		<Unit filename="src/io/StringWritable.cpp" />
		<Unit filename="src/io/Writable.cpp" />
		<Unit filename="src/ipc/Call.cpp" />
		<Unit filename="src/ipc/Client.cpp" />
		<Unit filename="src/ipc/Connection.cpp" />
		<Unit filename="src/ipc/Handler.cpp" />
		<Unit filename="src/ipc/Invocation.cpp" />
		<Unit filename="src/ipc/Listener.cpp" />
		<Unit filename="src/ipc/Method.cpp" />
		<Unit filename="src/ipc/RPC.cpp" />
		<Unit filename="src/ipc/Responder.cpp" />
		<Unit filename="src/ipc/Server.cpp" />
		<Unit filename="src/lib/tinyxml2.cpp" />
		<Unit filename="src/namenode/Block.cpp" />
		<Unit filename="src/namenode/FSImage.cpp" />
		<Unit filename="src/namenode/INode.cpp" />
		<Unit filename="src/namenode/INodeDirectory.cpp" />
		<Unit filename="src/namenode/INodeFile.cpp" />
		<Unit filename="src/namenode/INodeFileUnderConstruction.cpp" />
		<Unit filename="src/namenode/NameNode.cpp" />
		<Unit filename="src/protocol/ClientProtocol.cpp" />
		<Unit filename="src/protocol/DataNodeProtocol.cpp" />
		<Unit filename="src/test/Test1.cpp" />
		<Unit filename="src/test/Test2.cpp" />
		<Unit filename="src/utils/BlockQueue.cpp" />
		<Unit filename="src/utils/Config.cpp" />
		<Unit filename="src/utils/Log.cpp" />
		<Unit filename="src/utils/Utils.cpp" />
		<Extensions>
			<code_completion />
			<debugger />
		</Extensions>
	</Project>
</CodeBlocks_project_file>
